// !$*UTF8*$!
{
	archiveVersion = 1;
	classes = {
	};
	objectVersion = 55;
	objects = {

/* Begin PBXBuildFile section */
		1A3E6EDA27019E0600057AF5 /* PortfolioGeneratorApp.swift in Sources */ = {isa = PBXBuildFile; fileRef = 1A3E6ED927019E0600057AF5 /* PortfolioGeneratorApp.swift */; };
		1A3E6EDC27019E0600057AF5 /* ContentView.swift in Sources */ = {isa = PBXBuildFile; fileRef = 1A3E6EDB27019E0600057AF5 /* ContentView.swift */; };
		1A3E6EDE27019E0B00057AF5 /* Assets.xcassets in Resources */ = {isa = PBXBuildFile; fileRef = 1A3E6EDD27019E0B00057AF5 /* Assets.xcassets */; };
		1A3E6EE127019E0B00057AF5 /* Preview Assets.xcassets in Resources */ = {isa = PBXBuildFile; fileRef = 1A3E6EE027019E0B00057AF5 /* Preview Assets.xcassets */; };
		1A3E6EEB27019E0C00057AF5 /* PortfolioGeneratorTests.swift in Sources */ = {isa = PBXBuildFile; fileRef = 1A3E6EEA27019E0C00057AF5 /* PortfolioGeneratorTests.swift */; };
		1A3E6EF527019E0C00057AF5 /* PortfolioGeneratorUITests.swift in Sources */ = {isa = PBXBuildFile; fileRef = 1A3E6EF427019E0C00057AF5 /* PortfolioGeneratorUITests.swift */; };
		1A3E6EF727019E0C00057AF5 /* PortfolioGeneratorUITestsLaunchTests.swift in Sources */ = {isa = PBXBuildFile; fileRef = 1A3E6EF627019E0C00057AF5 /* PortfolioGeneratorUITestsLaunchTests.swift */; };
/* End PBXBuildFile section */

/* Begin PBXContainerItemProxy section */
		1A3E6EE727019E0C00057AF5 /* PBXContainerItemProxy */ = {
			isa = PBXContainerItemProxy;
			containerPortal = 1A3E6ECE27019E0600057AF5 /* Project object */;
			proxyType = 1;
			remoteGlobalIDString = 1A3E6ED527019E0600057AF5;
			remoteInfo = PortfolioGenerator;
		};
		1A3E6EF127019E0C00057AF5 /* PBXContainerItemProxy */ = {
			isa = PBXContainerItemProxy;
			containerPortal = 1A3E6ECE27019E0600057AF5 /* Project object */;
			proxyType = 1;
			remoteGlobalIDString = 1A3E6ED527019E0600057AF5;
			remoteInfo = PortfolioGenerator;
		};
/* End PBXContainerItemProxy section */

/* Begin PBXFileReference section */
		1A3E6ED627019E0600057AF5 /* PortfolioGenerator.app */ = {isa = PBXFileReference; explicitFileType = wrapper.application; includeInIndex = 0; path = PortfolioGenerator.app; sourceTree = BUILT_PRODUCTS_DIR; };
		1A3E6ED927019E0600057AF5 /* PortfolioGeneratorApp.swift */ = {isa = PBXFileReference; lastKnownFileType = sourcecode.swift; path = PortfolioGeneratorApp.swift; sourceTree = "<group>"; };
		1A3E6EDB27019E0600057AF5 /* ContentView.swift */ = {isa = PBXFileReference; lastKnownFileType = sourcecode.swift; path = ContentView.swift; sourceTree = "<group>"; };
		1A3E6EDD27019E0B00057AF5 /* Assets.xcassets */ = {isa = PBXFileReference; lastKnownFileType = folder.assetcatalog; path = Assets.xcassets; sourceTree = "<group>"; };
		1A3E6EE027019E0B00057AF5 /* Preview Assets.xcassets */ = {isa = PBXFileReference; lastKnownFileType = folder.assetcatalog; path = "Preview Assets.xcassets"; sourceTree = "<group>"; };
		1A3E6EE627019E0C00057AF5 /* PortfolioGeneratorTests.xctest */ = {isa = PBXFileReference; explicitFileType = wrapper.cfbundle; includeInIndex = 0; path = PortfolioGeneratorTests.xctest; sourceTree = BUILT_PRODUCTS_DIR; };
		1A3E6EEA27019E0C00057AF5 /* PortfolioGeneratorTests.swift */ = {isa = PBXFileReference; lastKnownFileType = sourcecode.swift; path = PortfolioGeneratorTests.swift; sourceTree = "<group>"; };
		1A3E6EF027019E0C00057AF5 /* PortfolioGeneratorUITests.xctest */ = {isa = PBXFileReference; explicitFileType = wrapper.cfbundle; includeInIndex = 0; path = PortfolioGeneratorUITests.xctest; sourceTree = BUILT_PRODUCTS_DIR; };
		1A3E6EF427019E0C00057AF5 /* PortfolioGeneratorUITests.swift */ = {isa = PBXFileReference; lastKnownFileType = sourcecode.swift; path = PortfolioGeneratorUITests.swift; sourceTree = "<group>"; };
		1A3E6EF627019E0C00057AF5 /* PortfolioGeneratorUITestsLaunchTests.swift */ = {isa = PBXFileReference; lastKnownFileType = sourcecode.swift; path = PortfolioGeneratorUITestsLaunchTests.swift; sourceTree = "<group>"; };
/* End PBXFileReference section */

/* Begin PBXFrameworksBuildPhase section */
		1A3E6ED327019E0600057AF5 /* Frameworks */ = {
			isa = PBXFrameworksBuildPhase;
			buildActionMask = 2147483647;
			files = (
			);
			runOnlyForDeploymentPostprocessing = 0;
		};
		1A3E6EE327019E0C00057AF5 /* Frameworks */ = {
			isa = PBXFrameworksBuildPhase;
			buildActionMask = 2147483647;
			files = (
			);
			runOnlyForDeploymentPostprocessing = 0;
		};
		1A3E6EED27019E0C00057AF5 /* Frameworks */ = {
			isa = PBXFrameworksBuildPhase;
			buildActionMask = 2147483647;
			files = (
			);
			runOnlyForDeploymentPostprocessing = 0;
		};
/* End PBXFrameworksBuildPhase section */

/* Begin PBXGroup section */
		1A3E6ECD27019E0600057AF5 = {
			isa = PBXGroup;
			children = (
				1A3E6ED827019E0600057AF5 /* PortfolioGenerator */,
				1A3E6EE927019E0C00057AF5 /* PortfolioGeneratorTests */,
				1A3E6EF327019E0C00057AF5 /* PortfolioGeneratorUITests */,
				1A3E6ED727019E0600057AF5 /* Products */,
			);
			sourceTree = "<group>";
		};
		1A3E6ED727019E0600057AF5 /* Products */ = {
			isa = PBXGroup;
			children = (
				1A3E6ED627019E0600057AF5 /* PortfolioGenerator.app */,
				1A3E6EE627019E0C00057AF5 /* PortfolioGeneratorTests.xctest */,
				1A3E6EF027019E0C00057AF5 /* PortfolioGeneratorUITests.xctest */,
			);
			name = Products;
			sourceTree = "<group>";
		};
		1A3E6ED827019E0600057AF5 /* PortfolioGenerator */ = {
			isa = PBXGroup;
			children = (
				1A3E6ED927019E0600057AF5 /* PortfolioGeneratorApp.swift */,
				1A3E6EDB27019E0600057AF5 /* ContentView.swift */,
				1A3E6EDD27019E0B00057AF5 /* Assets.xcassets */,
				1A3E6EDF27019E0B00057AF5 /* Preview Content */,
			);
			path = PortfolioGenerator;
			sourceTree = "<group>";
		};
		1A3E6EDF27019E0B00057AF5 /* Preview Content */ = {
			isa = PBXGroup;
			children = (
				1A3E6EE027019E0B00057AF5 /* Preview Assets.xcassets */,
			);
			path = "Preview Content";
			sourceTree = "<group>";
		};
		1A3E6EE927019E0C00057AF5 /* PortfolioGeneratorTests */ = {
			isa = PBXGroup;
			children = (
				1A3E6EEA27019E0C00057AF5 /* PortfolioGeneratorTests.swift */,
			);
			path = PortfolioGeneratorTests;
			sourceTree = "<group>";
		};
		1A3E6EF327019E0C00057AF5 /* PortfolioGeneratorUITests */ = {
			isa = PBXGroup;
			children = (
				1A3E6EF427019E0C00057AF5 /* PortfolioGeneratorUITests.swift */,
				1A3E6EF627019E0C00057AF5 /* PortfolioGeneratorUITestsLaunchTests.swift */,
			);
			path = PortfolioGeneratorUITests;
			sourceTree = "<group>";
		};
/* End PBXGroup section */

/* Begin PBXNativeTarget section */
		1A3E6ED527019E0600057AF5 /* PortfolioGenerator */ = {
			isa = PBXNativeTarget;
			buildConfigurationList = 1A3E6EFA27019E0C00057AF5 /* Build configuration list for PBXNativeTarget "PortfolioGenerator" */;
			buildPhases = (
				1A3E6ED227019E0600057AF5 /* Sources */,
				1A3E6ED327019E0600057AF5 /* Frameworks */,
				1A3E6ED427019E0600057AF5 /* Resources */,
			);
			buildRules = (
			);
			dependencies = (
			);
			name = PortfolioGenerator;
			productName = PortfolioGenerator;
			productReference = 1A3E6ED627019E0600057AF5 /* PortfolioGenerator.app */;
			productType = "com.apple.product-type.application";
		};
		1A3E6EE527019E0C00057AF5 /* PortfolioGeneratorTests */ = {
			isa = PBXNativeTarget;
			buildConfigurationList = 1A3E6EFD27019E0C00057AF5 /* Build configuration list for PBXNativeTarget "PortfolioGeneratorTests" */;
			buildPhases = (
				1A3E6EE227019E0C00057AF5 /* Sources */,
				1A3E6EE327019E0C00057AF5 /* Frameworks */,
				1A3E6EE427019E0C00057AF5 /* Resources */,
			);
			buildRules = (
			);
			dependencies = (
				1A3E6EE827019E0C00057AF5 /* PBXTargetDependency */,
			);
			name = PortfolioGeneratorTests;
			productName = PortfolioGeneratorTests;
			productReference = 1A3E6EE627019E0C00057AF5 /* PortfolioGeneratorTests.xctest */;
			productType = "com.apple.product-type.bundle.unit-test";
		};
		1A3E6EEF27019E0C00057AF5 /* PortfolioGeneratorUITests */ = {
			isa = PBXNativeTarget;
			buildConfigurationList = 1A3E6F0027019E0C00057AF5 /* Build configuration list for PBXNativeTarget "PortfolioGeneratorUITests" */;
			buildPhases = (
				1A3E6EEC27019E0C00057AF5 /* Sources */,
				1A3E6EED27019E0C00057AF5 /* Frameworks */,
				1A3E6EEE27019E0C00057AF5 /* Resources */,
			);
			buildRules = (
			);
			dependencies = (
				1A3E6EF227019E0C00057AF5 /* PBXTargetDependency */,
			);
			name = PortfolioGeneratorUITests;
			productName = PortfolioGeneratorUITests;
			productReference = 1A3E6EF027019E0C00057AF5 /* PortfolioGeneratorUITests.xctest */;
			productType = "com.apple.product-type.bundle.ui-testing";
		};
/* End PBXNativeTarget section */

/* Begin PBXProject section */
		1A3E6ECE27019E0600057AF5 /* Project object */ = {
			isa = PBXProject;
			attributes = {
				BuildIndependentTargetsInParallel = 1;
				LastSwiftUpdateCheck = 1300;
				LastUpgradeCheck = 1300;
				TargetAttributes = {
					1A3E6ED527019E0600057AF5 = {
						CreatedOnToolsVersion = 13.0;
					};
					1A3E6EE527019E0C00057AF5 = {
						CreatedOnToolsVersion = 13.0;
						TestTargetID = 1A3E6ED527019E0600057AF5;
					};
					1A3E6EEF27019E0C00057AF5 = {
						CreatedOnToolsVersion = 13.0;
						TestTargetID = 1A3E6ED527019E0600057AF5;
					};
				};
			};
			buildConfigurationList = 1A3E6ED127019E0600057AF5 /* Build configuration list for PBXProject "PortfolioGenerator" */;
			compatibilityVersion = "Xcode 13.0";
			developmentRegion = en;
			hasScannedForEncodings = 0;
			knownRegions = (
				en,
				Base,
			);
			mainGroup = 1A3E6ECD27019E0600057AF5;
			productRefGroup = 1A3E6ED727019E0600057AF5 /* Products */;
			projectDirPath = "";
			projectRoot = "";
			targets = (
				1A3E6ED527019E0600057AF5 /* PortfolioGenerator */,
				1A3E6EE527019E0C00057AF5 /* PortfolioGeneratorTests */,
				1A3E6EEF27019E0C00057AF5 /* PortfolioGeneratorUITests */,
			);
		};
/* End PBXProject section */

/* Begin PBXResourcesBuildPhase section */
		1A3E6ED427019E0600057AF5 /* Resources */ = {
			isa = PBXResourcesBuildPhase;
			buildActionMask = 2147483647;
			files = (
				1A3E6EE127019E0B00057AF5 /* Preview Assets.xcassets in Resources */,
				1A3E6EDE27019E0B00057AF5 /* Assets.xcassets in Resources */,
			);
			runOnlyForDeploymentPostprocessing = 0;
		};
		1A3E6EE427019E0C00057AF5 /* Resources */ = {
			isa = PBXResourcesBuildPhase;
			buildActionMask = 2147483647;
			files = (
			);
			runOnlyForDeploymentPostprocessing = 0;
		};
		1A3E6EEE27019E0C00057AF5 /* Resources */ = {
			isa = PBXResourcesBuildPhase;
			buildActionMask = 2147483647;
			files = (
			);
			runOnlyForDeploymentPostprocessing = 0;
		};
/* End PBXResourcesBuildPhase section */

/* Begin PBXSourcesBuildPhase section */
		1A3E6ED227019E0600057AF5 /* Sources */ = {
			isa = PBXSourcesBuildPhase;
			buildActionMask = 2147483647;
			files = (
				1A3E6EDC27019E0600057AF5 /* ContentView.swift in Sources */,
				1A3E6EDA27019E0600057AF5 /* PortfolioGeneratorApp.swift in Sources */,
			);
			runOnlyForDeploymentPostprocessing = 0;
		};
		1A3E6EE227019E0C00057AF5 /* Sources */ = {
			isa = PBXSourcesBuildPhase;
			buildActionMask = 2147483647;
			files = (
				1A3E6EEB27019E0C00057AF5 /* PortfolioGeneratorTests.swift in Sources */,
			);
			runOnlyForDeploymentPostprocessing = 0;
		};
		1A3E6EEC27019E0C00057AF5 /* Sources */ = {
			isa = PBXSourcesBuildPhase;
			buildActionMask = 2147483647;
			files = (
				1A3E6EF527019E0C00057AF5 /* PortfolioGeneratorUITests.swift in Sources */,
				1A3E6EF727019E0C00057AF5 /* PortfolioGeneratorUITestsLaunchTests.swift in Sources */,
			);
			runOnlyForDeploymentPostprocessing = 0;
		};
/* End PBXSourcesBuildPhase section */

/* Begin PBXTargetDependency section */
		1A3E6EE827019E0C00057AF5 /* PBXTargetDependency */ = {
			isa = PBXTargetDependency;
			target = 1A3E6ED527019E0600057AF5 /* PortfolioGenerator */;
			targetProxy = 1A3E6EE727019E0C00057AF5 /* PBXContainerItemProxy */;
		};
		1A3E6EF227019E0C00057AF5 /* PBXTargetDependency */ = {
			isa = PBXTargetDependency;
			target = 1A3E6ED527019E0600057AF5 /* PortfolioGenerator */;
			targetProxy = 1A3E6EF127019E0C00057AF5 /* PBXContainerItemProxy */;
		};
/* End PBXTargetDependency section */

/* Begin XCBuildConfiguration section */
		1A3E6EF827019E0C00057AF5 /* Debug */ = {
			isa = XCBuildConfiguration;
			buildSettings = {
				ALWAYS_SEARCH_USER_PATHS = NO;
				CLANG_ANALYZER_NONNULL = YES;
				CLANG_ANALYZER_NUMBER_OBJECT_CONVERSION = YES_AGGRESSIVE;
				CLANG_CXX_LANGUAGE_STANDARD = "gnu++17";
				CLANG_CXX_LIBRARY = "libc++";
				CLANG_ENABLE_MODULES = YES;
				CLANG_ENABLE_OBJC_ARC = YES;
				CLANG_ENABLE_OBJC_WEAK = YES;
				CLANG_WARN_BLOCK_CAPTURE_AUTORELEASING = YES;
				CLANG_WARN_BOOL_CONVERSION = YES;
				CLANG_WARN_COMMA = YES;
				CLANG_WARN_CONSTANT_CONVERSION = YES;
				CLANG_WARN_DEPRECATED_OBJC_IMPLEMENTATIONS = YES;
				CLANG_WARN_DIRECT_OBJC_ISA_USAGE = YES_ERROR;
				CLANG_WARN_DOCUMENTATION_COMMENTS = YES;
				CLANG_WARN_EMPTY_BODY = YES;
				CLANG_WARN_ENUM_CONVERSION = YES;
				CLANG_WARN_INFINITE_RECURSION = YES;
				CLANG_WARN_INT_CONVERSION = YES;
				CLANG_WARN_NON_LITERAL_NULL_CONVERSION = YES;
				CLANG_WARN_OBJC_IMPLICIT_RETAIN_SELF = YES;
				CLANG_WARN_OBJC_LITERAL_CONVERSION = YES;
				CLANG_WARN_OBJC_ROOT_CLASS = YES_ERROR;
				CLANG_WARN_QUOTED_INCLUDE_IN_FRAMEWORK_HEADER = YES;
				CLANG_WARN_RANGE_LOOP_ANALYSIS = YES;
				CLANG_WARN_STRICT_PROTOTYPES = YES;
				CLANG_WARN_SUSPICIOUS_MOVE = YES;
				CLANG_WARN_UNGUARDED_AVAILABILITY = YES_AGGRESSIVE;
				CLANG_WARN_UNREACHABLE_CODE = YES;
				CLANG_WARN__DUPLICATE_METHOD_MATCH = YES;
				COPY_PHASE_STRIP = NO;
				DEBUG_INFORMATION_FORMAT = dwarf;
				ENABLE_STRICT_OBJC_MSGSEND = YES;
				ENABLE_TESTABILITY = YES;
				GCC_C_LANGUAGE_STANDARD = gnu11;
				GCC_DYNAMIC_NO_PIC = NO;
				GCC_NO_COMMON_BLOCKS = YES;
				GCC_OPTIMIZATION_LEVEL = 0;
				GCC_PREPROCESSOR_DEFINITIONS = (
					"DEBUG=1",
					"$(inherited)",
				);
				GCC_WARN_64_TO_32_BIT_CONVERSION = YES;
				GCC_WARN_ABOUT_RETURN_TYPE = YES_ERROR;
				GCC_WARN_UNDECLARED_SELECTOR = YES;
				GCC_WARN_UNINITIALIZED_AUTOS = YES_AGGRESSIVE;
				GCC_WARN_UNUSED_FUNCTION = YES;
				GCC_WARN_UNUSED_VARIABLE = YES;
				IPHONEOS_DEPLOYMENT_TARGET = 15.0;
				MTL_ENABLE_DEBUG_INFO = INCLUDE_SOURCE;
				MTL_FAST_MATH = YES;
				ONLY_ACTIVE_ARCH = YES;
				SDKROOT = iphoneos;
				SWIFT_ACTIVE_COMPILATION_CONDITIONS = DEBUG;
				SWIFT_OPTIMIZATION_LEVEL = "-Onone";
			};
			name = Debug;
		};
		1A3E6EF927019E0C00057AF5 /* Release */ = {
			isa = XCBuildConfiguration;
			buildSettings = {
				ALWAYS_SEARCH_USER_PATHS = NO;
				CLANG_ANALYZER_NONNULL = YES;
				CLANG_ANALYZER_NUMBER_OBJECT_CONVERSION = YES_AGGRESSIVE;
				CLANG_CXX_LANGUAGE_STANDARD = "gnu++17";
				CLANG_CXX_LIBRARY = "libc++";
				CLANG_ENABLE_MODULES = YES;
				CLANG_ENABLE_OBJC_ARC = YES;
				CLANG_ENABLE_OBJC_WEAK = YES;
				CLANG_WARN_BLOCK_CAPTURE_AUTORELEASING = YES;
				CLANG_WARN_BOOL_CONVERSION = YES;
				CLANG_WARN_COMMA = YES;
				CLANG_WARN_CONSTANT_CONVERSION = YES;
				CLANG_WARN_DEPRECATED_OBJC_IMPLEMENTATIONS = YES;
				CLANG_WARN_DIRECT_OBJC_ISA_USAGE = YES_ERROR;
				CLANG_WARN_DOCUMENTATION_COMMENTS = YES;
				CLANG_WARN_EMPTY_BODY = YES;
				CLANG_WARN_ENUM_CONVERSION = YES;
				CLANG_WARN_INFINITE_RECURSION = YES;
				CLANG_WARN_INT_CONVERSION = YES;
				CLANG_WARN_NON_LITERAL_NULL_CONVERSION = YES;
				CLANG_WARN_OBJC_IMPLICIT_RETAIN_SELF = YES;
				CLANG_WARN_OBJC_LITERAL_CONVERSION = YES;
				CLANG_WARN_OBJC_ROOT_CLASS = YES_ERROR;
				CLANG_WARN_QUOTED_INCLUDE_IN_FRAMEWORK_HEADER = YES;
				CLANG_WARN_RANGE_LOOP_ANALYSIS = YES;
				CLANG_WARN_STRICT_PROTOTYPES = YES;
				CLANG_WARN_SUSPICIOUS_MOVE = YES;
				CLANG_WARN_UNGUARDED_AVAILABILITY = YES_AGGRESSIVE;
				CLANG_WARN_UNREACHABLE_CODE = YES;
				CLANG_WARN__DUPLICATE_METHOD_MATCH = YES;
				COPY_PHASE_STRIP = NO;
				DEBUG_INFORMATION_FORMAT = "dwarf-with-dsym";
				ENABLE_NS_ASSERTIONS = NO;
				ENABLE_STRICT_OBJC_MSGSEND = YES;
				GCC_C_LANGUAGE_STANDARD = gnu11;
				GCC_NO_COMMON_BLOCKS = YES;
				GCC_WARN_64_TO_32_BIT_CONVERSION = YES;
				GCC_WARN_ABOUT_RETURN_TYPE = YES_ERROR;
				GCC_WARN_UNDECLARED_SELECTOR = YES;
				GCC_WARN_UNINITIALIZED_AUTOS = YES_AGGRESSIVE;
				GCC_WARN_UNUSED_FUNCTION = YES;
				GCC_WARN_UNUSED_VARIABLE = YES;
				IPHONEOS_DEPLOYMENT_TARGET = 15.0;
				MTL_ENABLE_DEBUG_INFO = NO;
				MTL_FAST_MATH = YES;
				SDKROOT = iphoneos;
				SWIFT_COMPILATION_MODE = wholemodule;
				SWIFT_OPTIMIZATION_LEVEL = "-O";
				VALIDATE_PRODUCT = YES;
			};
			name = Release;
		};
		1A3E6EFB27019E0C00057AF5 /* Debug */ = {
			isa = XCBuildConfiguration;
			buildSettings = {
				ASSETCATALOG_COMPILER_APPICON_NAME = AppIcon;
				ASSETCATALOG_COMPILER_GLOBAL_ACCENT_COLOR_NAME = AccentColor;
				CODE_SIGN_STYLE = Automatic;
				CURRENT_PROJECT_VERSION = 1;
				DEVELOPMENT_ASSET_PATHS = "\"PortfolioGenerator/Preview Content\"";
				DEVELOPMENT_TEAM = RMD3FSVK2R;
				ENABLE_PREVIEWS = YES;
				GENERATE_INFOPLIST_FILE = YES;
				INFOPLIST_KEY_UIApplicationSceneManifest_Generation = YES;
				INFOPLIST_KEY_UIApplicationSupportsIndirectInputEvents = YES;
				INFOPLIST_KEY_UILaunchScreen_Generation = YES;
				INFOPLIST_KEY_UISupportedInterfaceOrientations_iPad = "UIInterfaceOrientationPortrait UIInterfaceOrientationPortraitUpsideDown UIInterfaceOrientationLandscapeLeft UIInterfaceOrientationLandscapeRight";
				INFOPLIST_KEY_UISupportedInterfaceOrientations_iPhone = "UIInterfaceOrientationPortrait UIInterfaceOrientationLandscapeLeft UIInterfaceOrientationLandscapeRight";
				IPHONEOS_DEPLOYMENT_TARGET = 14.0;
				LD_RUNPATH_SEARCH_PATHS = (
					"$(inherited)",
					"@executable_path/Frameworks",
				);
				MARKETING_VERSION = 1.0;
				PRODUCT_BUNDLE_IDENTIFIER = com.codeclubz.PortfolioGenerator;
				PRODUCT_NAME = "$(TARGET_NAME)";
				SWIFT_EMIT_LOC_STRINGS = YES;
				SWIFT_VERSION = 5.0;
				TARGETED_DEVICE_FAMILY = "1,2";
			};
			name = Debug;
		};
		1A3E6EFC27019E0C00057AF5 /* Release */ = {
			isa = XCBuildConfiguration;
			buildSettings = {
				ASSETCATALOG_COMPILER_APPICON_NAME = AppIcon;
				ASSETCATALOG_COMPILER_GLOBAL_ACCENT_COLOR_NAME = AccentColor;
				CODE_SIGN_STYLE = Automatic;
				CURRENT_PROJECT_VERSION = 1;
				DEVELOPMENT_ASSET_PATHS = "\"PortfolioGenerator/Preview Content\"";
				DEVELOPMENT_TEAM = RMD3FSVK2R;
				ENABLE_PREVIEWS = YES;
				GENERATE_INFOPLIST_FILE = YES;
				INFOPLIST_KEY_UIApplicationSceneManifest_Generation = YES;
				INFOPLIST_KEY_UIApplicationSupportsIndirectInputEvents = YES;
				INFOPLIST_KEY_UILaunchScreen_Generation = YES;
				INFOPLIST_KEY_UISupportedInterfaceOrientations_iPad = "UIInterfaceOrientationPortrait UIInterfaceOrientationPortraitUpsideDown UIInterfaceOrientationLandscapeLeft UIInterfaceOrientationLandscapeRight";
				INFOPLIST_KEY_UISupportedInterfaceOrientations_iPhone = "UIInterfaceOrientationPortrait UIInterfaceOrientationLandscapeLeft UIInterfaceOrientationLandscapeRight";
				IPHONEOS_DEPLOYMENT_TARGET = 14.0;
				LD_RUNPATH_SEARCH_PATHS = (
					"$(inherited)",
					"@executable_path/Frameworks",
				);
				MARKETING_VERSION = 1.0;
				PRODUCT_BUNDLE_IDENTIFIER = com.codeclubz.PortfolioGenerator;
				PRODUCT_NAME = "$(TARGET_NAME)";
				SWIFT_EMIT_LOC_STRINGS = YES;
				SWIFT_VERSION = 5.0;
				TARGETED_DEVICE_FAMILY = "1,2";
			};
			name = Release;
		};
		1A3E6EFE27019E0C00057AF5 /* Debug */ = {
			isa = XCBuildConfiguration;
			buildSettings = {
				ALWAYS_EMBED_SWIFT_STANDARD_LIBRARIES = YES;
				BUNDLE_LOADER = "$(TEST_HOST)";
				CODE_SIGN_STYLE = Automatic;
				CURRENT_PROJECT_VERSION = 1;
				DEVELOPMENT_TEAM = RMD3FSVK2R;
				GENERATE_INFOPLIST_FILE = YES;
				IPHONEOS_DEPLOYMENT_TARGET = 14.0;
				LD_RUNPATH_SEARCH_PATHS = (
					"$(inherited)",
					"@executable_path/Frameworks",
					"@loader_path/Frameworks",
				);
				MARKETING_VERSION = 1.0;
				PRODUCT_BUNDLE_IDENTIFIER = com.codeclubz.PortfolioGeneratorTests;
				PRODUCT_NAME = "$(TARGET_NAME)";
				SWIFT_EMIT_LOC_STRINGS = NO;
				SWIFT_VERSION = 5.0;
				TARGETED_DEVICE_FAMILY = "1,2";
				TEST_HOST = "$(BUILT_PRODUCTS_DIR)/PortfolioGenerator.app/PortfolioGenerator";
			};
			name = Debug;
		};
		1A3E6EFF27019E0C00057AF5 /* Release */ = {
			isa = XCBuildConfiguration;
			buildSettings = {
				ALWAYS_EMBED_SWIFT_STANDARD_LIBRARIES = YES;
				BUNDLE_LOADER = "$(TEST_HOST)";
				CODE_SIGN_STYLE = Automatic;
				CURRENT_PROJECT_VERSION = 1;
				DEVELOPMENT_TEAM = RMD3FSVK2R;
				GENERATE_INFOPLIST_FILE = YES;
				IPHONEOS_DEPLOYMENT_TARGET = 14.0;
				LD_RUNPATH_SEARCH_PATHS = (
					"$(inherited)",
					"@executable_path/Frameworks",
					"@loader_path/Frameworks",
				);
				MARKETING_VERSION = 1.0;
				PRODUCT_BUNDLE_IDENTIFIER = com.codeclubz.PortfolioGeneratorTests;
				PRODUCT_NAME = "$(TARGET_NAME)";
				SWIFT_EMIT_LOC_STRINGS = NO;
				SWIFT_VERSION = 5.0;
				TARGETED_DEVICE_FAMILY = "1,2";
				TEST_HOST = "$(BUILT_PRODUCTS_DIR)/PortfolioGenerator.app/PortfolioGenerator";
			};
			name = Release;
		};
		1A3E6F0127019E0C00057AF5 /* Debug */ = {
			isa = XCBuildConfiguration;
			buildSettings = {
				ALWAYS_EMBED_SWIFT_STANDARD_LIBRARIES = YES;
				CODE_SIGN_STYLE = Automatic;
				CURRENT_PROJECT_VERSION = 1;
				DEVELOPMENT_TEAM = RMD3FSVK2R;
				GENERATE_INFOPLIST_FILE = YES;
				LD_RUNPATH_SEARCH_PATHS = (
					"$(inherited)",
					"@executable_path/Frameworks",
					"@loader_path/Frameworks",
				);
				MARKETING_VERSION = 1.0;
				PRODUCT_BUNDLE_IDENTIFIER = com.codeclubz.PortfolioGeneratorUITests;
				PRODUCT_NAME = "$(TARGET_NAME)";
				SWIFT_EMIT_LOC_STRINGS = NO;
				SWIFT_VERSION = 5.0;
				TARGETED_DEVICE_FAMILY = "1,2";
				TEST_TARGET_NAME = PortfolioGenerator;
			};
			name = Debug;
		};
		1A3E6F0227019E0C00057AF5 /* Release */ = {
			isa = XCBuildConfiguration;
			buildSettings = {
				ALWAYS_EMBED_SWIFT_STANDARD_LIBRARIES = YES;
				CODE_SIGN_STYLE = Automatic;
				CURRENT_PROJECT_VERSION = 1;
				DEVELOPMENT_TEAM = RMD3FSVK2R;
				GENERATE_INFOPLIST_FILE = YES;
				LD_RUNPATH_SEARCH_PATHS = (
					"$(inherited)",
					"@executable_path/Frameworks",
					"@loader_path/Frameworks",
				);
				MARKETING_VERSION = 1.0;
				PRODUCT_BUNDLE_IDENTIFIER = com.codeclubz.PortfolioGeneratorUITests;
				PRODUCT_NAME = "$(TARGET_NAME)";
				SWIFT_EMIT_LOC_STRINGS = NO;
				SWIFT_VERSION = 5.0;
				TARGETED_DEVICE_FAMILY = "1,2";
				TEST_TARGET_NAME = PortfolioGenerator;
			};
			name = Release;
		};
/* End XCBuildConfiguration section */

/* Begin XCConfigurationList section */
		1A3E6ED127019E0600057AF5 /* Build configuration list for PBXProject "PortfolioGenerator" */ = {
			isa = XCConfigurationList;
			buildConfigurations = (
				1A3E6EF827019E0C00057AF5 /* Debug */,
				1A3E6EF927019E0C00057AF5 /* Release */,
			);
			defaultConfigurationIsVisible = 0;
			defaultConfigurationName = Release;
		};
		1A3E6EFA27019E0C00057AF5 /* Build configuration list for PBXNativeTarget "PortfolioGenerator" */ = {
			isa = XCConfigurationList;
			buildConfigurations = (
				1A3E6EFB27019E0C00057AF5 /* Debug */,
				1A3E6EFC27019E0C00057AF5 /* Release */,
			);
			defaultConfigurationIsVisible = 0;
			defaultConfigurationName = Release;
		};
		1A3E6EFD27019E0C00057AF5 /* Build configuration list for PBXNativeTarget "PortfolioGeneratorTests" */ = {
			isa = XCConfigurationList;
			buildConfigurations = (
				1A3E6EFE27019E0C00057AF5 /* Debug */,
				1A3E6EFF27019E0C00057AF5 /* Release */,
			);
			defaultConfigurationIsVisible = 0;
			defaultConfigurationName = Release;
		};
		1A3E6F0027019E0C00057AF5 /* Build configuration list for PBXNativeTarget "PortfolioGeneratorUITests" */ = {
			isa = XCConfigurationList;
			buildConfigurations = (
				1A3E6F0127019E0C00057AF5 /* Debug */,
				1A3E6F0227019E0C00057AF5 /* Release */,
			);
			defaultConfigurationIsVisible = 0;
			defaultConfigurationName = Release;
		};
/* End XCConfigurationList section */
	};
	rootObject = 1A3E6ECE27019E0600057AF5 /* Project object */;
}
